
Microsoft Visual Studio Solution File, Format Version 12.00
# Visual Studio 2012
Project("{FAE04EC0-301F-11D3-BF4B-00C04F79EFBC}") = "Corax", "Corax\Corax.csproj", "{725A2392-504F-4D52-AE69-D52395DA0960}"
EndProject
Project("{FAE04EC0-301F-11D3-BF4B-00C04F79EFBC}") = "Corax.Tests", "Corax.Tests\Corax.Tests.csproj", "{73121271-D49F-4A00-8634-D37CBB20453C}"
EndProject
Global
	GlobalSection(SolutionConfigurationPlatforms) = preSolution
		Debug|Any CPU = Debug|Any CPU
		Release|Any CPU = Release|Any CPU
	EndGlobalSection
	GlobalSection(ProjectConfigurationPlatforms) = postSolution
		{725A2392-504F-4D52-AE69-D52395DA0960}.Debug|Any CPU.ActiveCfg = Debug|Any CPU
		{725A2392-504F-4D52-AE69-D52395DA0960}.Debug|Any CPU.Build.0 = Debug|Any CPU
		{725A2392-504F-4D52-AE69-D52395DA0960}.Release|Any CPU.ActiveCfg = Release|Any CPU
		{725A2392-504F-4D52-AE69-D52395DA0960}.Release|Any CPU.Build.0 = Release|Any CPU
		{73121271-D49F-4A00-8634-D37CBB20453C}.Debug|Any CPU.ActiveCfg = Debug|Any CPU
		{73121271-D49F-4A00-8634-D37CBB20453C}.Debug|Any CPU.Build.0 = Debug|Any CPU
		{73121271-D49F-4A00-8634-D37CBB20453C}.Release|Any CPU.ActiveCfg = Release|Any CPU
		{73121271-D49F-4A00-8634-D37CBB20453C}.Release|Any CPU.Build.0 = Release|Any CPU
	EndGlobalSection
	GlobalSection(SolutionProperties) = preSolution
		HideSolutionNode = FALSE
	EndGlobalSection
EndGlobal
